
Microsoft Visual Studio Solution File, Format Version 12.00
# Visual Studio Version 16
VisualStudioVersion = 16.0.30907.101
MinimumVisualStudioVersion = 10.0.40219.1
Project("{11A8DD76-328B-46DF-9F39-F559912D0360}") = "CarController", "CarController.nfproj", "{D46333FA-59A6-44F3-91D4-7742C1B3C5CA}"
EndProject
Global
	GlobalSection(SolutionConfigurationPlatforms) = preSolution
		Debug|Any CPU = Debug|Any CPU
		Release|Any CPU = Release|Any CPU
	EndGlobalSection
	GlobalSection(ProjectConfigurationPlatforms) = postSolution
		{D46333FA-59A6-44F3-91D4-7742C1B3C5CA}.Debug|Any CPU.ActiveCfg = Debug|Any CPU
		{D46333FA-59A6-44F3-91D4-7742C1B3C5CA}.Debug|Any CPU.Build.0 = Debug|Any CPU
		{D46333FA-59A6-44F3-91D4-7742C1B3C5CA}.Debug|Any CPU.Deploy.0 = Debug|Any CPU
		{D46333FA-59A6-44F3-91D4-7742C1B3C5CA}.Release|Any CPU.ActiveCfg = Release|Any CPU
		{D46333FA-59A6-44F3-91D4-7742C1B3C5CA}.Release|Any CPU.Build.0 = Release|Any CPU
		{D46333FA-59A6-44F3-91D4-7742C1B3C5CA}.Release|Any CPU.Deploy.0 = Release|Any CPU
	EndGlobalSection
	GlobalSection(SolutionProperties) = preSolution
		HideSolutionNode = FALSE
	EndGlobalSection
	GlobalSection(ExtensibilityGlobals) = postSolution
		SolutionGuid = {BFF04964-F0E5-4CF8-8DA5-FEEB15E72541}
	EndGlobalSection
EndGlobal
